
Microsoft Visual Studio Solution File, Format Version 12.00
# Visual Studio Version 16
VisualStudioVersion = 16.0.30523.141
MinimumVisualStudioVersion = 10.0.40219.1
Project("{8BC9CEB8-8B4A-11D0-8D11-00A0C91BC942}") = "Project_graph", "Project_graph\Project_graph.vcxproj", "{F931A58D-6367-466B-8A37-F87DC56D0B68}"
EndProject
Global
	GlobalSection(SolutionConfigurationPlatforms) = preSolution
		Debug|x64 = Debug|x64
		Debug|x86 = Debug|x86
		Release|x64 = Release|x64
		Release|x86 = Release|x86
	EndGlobalSection
	GlobalSection(ProjectConfigurationPlatforms) = postSolution
		{F931A58D-6367-466B-8A37-F87DC56D0B68}.Debug|x64.ActiveCfg = Debug|x64
		{F931A58D-6367-466B-8A37-F87DC56D0B68}.Debug|x64.Build.0 = Debug|x64
		{F931A58D-6367-466B-8A37-F87DC56D0B68}.Debug|x86.ActiveCfg = Debug|Win32
		{F931A58D-6367-466B-8A37-F87DC56D0B68}.Debug|x86.Build.0 = Debug|Win32
		{F931A58D-6367-466B-8A37-F87DC56D0B68}.Release|x64.ActiveCfg = Release|x64
		{F931A58D-6367-466B-8A37-F87DC56D0B68}.Release|x64.Build.0 = Release|x64
		{F931A58D-6367-466B-8A37-F87DC56D0B68}.Release|x86.ActiveCfg = Release|Win32
		{F931A58D-6367-466B-8A37-F87DC56D0B68}.Release|x86.Build.0 = Release|Win32
	EndGlobalSection
	GlobalSection(SolutionProperties) = preSolution
		HideSolutionNode = FALSE
	EndGlobalSection
	GlobalSection(ExtensibilityGlobals) = postSolution
		SolutionGuid = {45C8046D-EB71-41F8-93C4-5B532AE87C26}
	EndGlobalSection
EndGlobal
